
Microsoft Visual Studio Solution File, Format Version 12.00
# Visual Studio Version 16
VisualStudioVersion = 16.0.32126.315
MinimumVisualStudioVersion = 10.0.40219.1
Project("{FAE04EC0-301F-11D3-BF4B-00C04F79EFBC}") = "SamanProject", "SamanProject.csproj", "{807527D5-7744-4070-AA14-346377FECB8F}"
EndProject
Global
	GlobalSection(SolutionConfigurationPlatforms) = preSolution
		Debug|Any CPU = Debug|Any CPU
		Release|Any CPU = Release|Any CPU
	EndGlobalSection
	GlobalSection(ProjectConfigurationPlatforms) = postSolution
		{807527D5-7744-4070-AA14-346377FECB8F}.Debug|Any CPU.ActiveCfg = Debug|Any CPU
		{807527D5-7744-4070-AA14-346377FECB8F}.Debug|Any CPU.Build.0 = Debug|Any CPU
		{807527D5-7744-4070-AA14-346377FECB8F}.Release|Any CPU.ActiveCfg = Release|Any CPU
		{807527D5-7744-4070-AA14-346377FECB8F}.Release|Any CPU.Build.0 = Release|Any CPU
	EndGlobalSection
	GlobalSection(SolutionProperties) = preSolution
		HideSolutionNode = FALSE
	EndGlobalSection
	GlobalSection(ExtensibilityGlobals) = postSolution
		SolutionGuid = {F1E6A845-26AE-4BD6-ABE1-380ABC94DD17}
	EndGlobalSection
EndGlobal
